
Microsoft Visual Studio Solution File, Format Version 12.00
# Visual Studio Version 17
VisualStudioVersion = 17.0.31903.59
MinimumVisualStudioVersion = 10.0.40219.1
Project("{FAE04EC0-301F-11D3-BF4B-00C04F79EFBC}") = "LinqWithObjects", "LinqWithObjects\LinqWithObjects.csproj", "{F345B100-AEB9-4939-A886-CA5967A7D0BE}"
EndProject
Project("{FAE04EC0-301F-11D3-BF4B-00C04F79EFBC}") = "LinqWithEFCore", "LinqWithEFCore\LinqWithEFCore.csproj", "{6AC2B72E-A142-4D59-BF17-185ECD0CA6E1}"
EndProject
Project("{FAE04EC0-301F-11D3-BF4B-00C04F79EFBC}") = "Ch11Ex02LinqQueries", "Ch11Ex02LinqQueries\Ch11Ex02LinqQueries.csproj", "{1637A907-90E4-486D-B3FC-0203D892FD8A}"
EndProject
Project("{FAE04EC0-301F-11D3-BF4B-00C04F79EFBC}") = "LinqInParallel", "LinqInParallel\LinqInParallel.csproj", "{EF746921-BF87-4963-BA27-29D3061C053E}"
EndProject
Project("{FAE04EC0-301F-11D3-BF4B-00C04F79EFBC}") = "PacktLinqExtensions", "PacktLinqExtensions\PacktLinqExtensions.csproj", "{3ADF42E4-9419-4D83-9EA0-6C9DC3D3C7E8}"
EndProject
Global
	GlobalSection(SolutionConfigurationPlatforms) = preSolution
		Debug|Any CPU = Debug|Any CPU
		Release|Any CPU = Release|Any CPU
	EndGlobalSection
	GlobalSection(SolutionProperties) = preSolution
		HideSolutionNode = FALSE
	EndGlobalSection
	GlobalSection(ProjectConfigurationPlatforms) = postSolution
		{F345B100-AEB9-4939-A886-CA5967A7D0BE}.Debug|Any CPU.ActiveCfg = Debug|Any CPU
		{F345B100-AEB9-4939-A886-CA5967A7D0BE}.Debug|Any CPU.Build.0 = Debug|Any CPU
		{F345B100-AEB9-4939-A886-CA5967A7D0BE}.Release|Any CPU.ActiveCfg = Release|Any CPU
		{F345B100-AEB9-4939-A886-CA5967A7D0BE}.Release|Any CPU.Build.0 = Release|Any CPU
		{6AC2B72E-A142-4D59-BF17-185ECD0CA6E1}.Debug|Any CPU.ActiveCfg = Debug|Any CPU
		{6AC2B72E-A142-4D59-BF17-185ECD0CA6E1}.Debug|Any CPU.Build.0 = Debug|Any CPU
		{6AC2B72E-A142-4D59-BF17-185ECD0CA6E1}.Release|Any CPU.ActiveCfg = Release|Any CPU
		{6AC2B72E-A142-4D59-BF17-185ECD0CA6E1}.Release|Any CPU.Build.0 = Release|Any CPU
		{1637A907-90E4-486D-B3FC-0203D892FD8A}.Debug|Any CPU.ActiveCfg = Debug|Any CPU
		{1637A907-90E4-486D-B3FC-0203D892FD8A}.Debug|Any CPU.Build.0 = Debug|Any CPU
		{1637A907-90E4-486D-B3FC-0203D892FD8A}.Release|Any CPU.ActiveCfg = Release|Any CPU
		{1637A907-90E4-486D-B3FC-0203D892FD8A}.Release|Any CPU.Build.0 = Release|Any CPU
		{EF746921-BF87-4963-BA27-29D3061C053E}.Debug|Any CPU.ActiveCfg = Debug|Any CPU
		{EF746921-BF87-4963-BA27-29D3061C053E}.Debug|Any CPU.Build.0 = Debug|Any CPU
		{EF746921-BF87-4963-BA27-29D3061C053E}.Release|Any CPU.ActiveCfg = Release|Any CPU
		{EF746921-BF87-4963-BA27-29D3061C053E}.Release|Any CPU.Build.0 = Release|Any CPU
		{3ADF42E4-9419-4D83-9EA0-6C9DC3D3C7E8}.Debug|Any CPU.ActiveCfg = Debug|Any CPU
		{3ADF42E4-9419-4D83-9EA0-6C9DC3D3C7E8}.Debug|Any CPU.Build.0 = Debug|Any CPU
		{3ADF42E4-9419-4D83-9EA0-6C9DC3D3C7E8}.Release|Any CPU.ActiveCfg = Release|Any CPU
		{3ADF42E4-9419-4D83-9EA0-6C9DC3D3C7E8}.Release|Any CPU.Build.0 = Release|Any CPU
	EndGlobalSection
EndGlobal
